
Microsoft Visual Studio Solution File, Format Version 12.00
# Visual Studio Version 17
VisualStudioVersion = 17.9.34728.123
MinimumVisualStudioVersion = 10.0.40219.1
Project("{9A19103F-16F7-4668-BE54-9A1E7A4F7556}") = "Client", "Client\Client.csproj", "{E81E4F97-99D0-416E-ABF3-9238603148EB}"
EndProject
Project("{FAE04EC0-301F-11D3-BF4B-00C04F79EFBC}") = "StreamingServer", "StreamingServer\StreamingServer.csproj", "{B82B5A41-D904-48EA-999C-5CB1FF59739E}"
EndProject
Global
	GlobalSection(SolutionConfigurationPlatforms) = preSolution
		Debug|Any CPU = Debug|Any CPU
		Release|Any CPU = Release|Any CPU
	EndGlobalSection
	GlobalSection(ProjectConfigurationPlatforms) = postSolution
		{E81E4F97-99D0-416E-ABF3-9238603148EB}.Debug|Any CPU.ActiveCfg = Debug|Any CPU
		{E81E4F97-99D0-416E-ABF3-9238603148EB}.Debug|Any CPU.Build.0 = Debug|Any CPU
		{E81E4F97-99D0-416E-ABF3-9238603148EB}.Release|Any CPU.ActiveCfg = Release|Any CPU
		{E81E4F97-99D0-416E-ABF3-9238603148EB}.Release|Any CPU.Build.0 = Release|Any CPU
		{B82B5A41-D904-48EA-999C-5CB1FF59739E}.Debug|Any CPU.ActiveCfg = Debug|Any CPU
		{B82B5A41-D904-48EA-999C-5CB1FF59739E}.Debug|Any CPU.Build.0 = Debug|Any CPU
		{B82B5A41-D904-48EA-999C-5CB1FF59739E}.Release|Any CPU.ActiveCfg = Release|Any CPU
		{B82B5A41-D904-48EA-999C-5CB1FF59739E}.Release|Any CPU.Build.0 = Release|Any CPU
	EndGlobalSection
	GlobalSection(SolutionProperties) = preSolution
		HideSolutionNode = FALSE
	EndGlobalSection
	GlobalSection(ExtensibilityGlobals) = postSolution
		SolutionGuid = {F30535CB-7FA9-4919-8333-ACBFEF3C63F9}
	EndGlobalSection
EndGlobal
